// !$*UTF8*$!
{
	archiveVersion = 1;
	classes = {
	};
	objectVersion = 54;
	objects = {

/* Begin PBXBuildFile section */
		5E22E6102530BE04007A970B /* ScannerView.swift in Sources */ = {isa = PBXBuildFile; fileRef = 5E22E60F2530BE04007A970B /* ScannerView.swift */; };
		5E2EE9FD267643C20037DED1 /* Font+.swift in Sources */ = {isa = PBXBuildFile; fileRef = 5E2EE9FC267643C20037DED1 /* Font+.swift */; };
		5E47417B26E484DD00A964F8 /* AVScanner in Frameworks */ = {isa = PBXBuildFile; productRef = 5E47417A26E484DD00A964F8 /* AVScanner */; };
		5E582E13250926B600D9F203 /* CollectedList.swift in Sources */ = {isa = PBXBuildFile; fileRef = 5E582E12250926B600D9F203 /* CollectedList.swift */; };
		5E582E16250926D100D9F203 /* HistoryView.swift in Sources */ = {isa = PBXBuildFile; fileRef = 5E582E15250926D100D9F203 /* HistoryView.swift */; };
		5E582E1925092E8500D9F203 /* RecordView.swift in Sources */ = {isa = PBXBuildFile; fileRef = 5E582E1825092E8500D9F203 /* RecordView.swift */; };
		5E5C47FC2778B0E500AFE71A /* RoundedMaterialButtonStyle.swift in Sources */ = {isa = PBXBuildFile; fileRef = 5E5C47FB2778B0E500AFE71A /* RoundedMaterialButtonStyle.swift */; };
		5E5D23BD24FEA95B00124551 /* QRiosityApp.swift in Sources */ = {isa = PBXBuildFile; fileRef = 5E5D23BC24FEA95B00124551 /* QRiosityApp.swift */; };
		5E5D23BF24FEA95B00124551 /* ContentView.swift in Sources */ = {isa = PBXBuildFile; fileRef = 5E5D23BE24FEA95B00124551 /* ContentView.swift */; };
		5E5D23C124FEA95D00124551 /* Assets.xcassets in Resources */ = {isa = PBXBuildFile; fileRef = 5E5D23C024FEA95D00124551 /* Assets.xcassets */; };
		5E5D23C424FEA95D00124551 /* Preview Assets.xcassets in Resources */ = {isa = PBXBuildFile; fileRef = 5E5D23C324FEA95D00124551 /* Preview Assets.xcassets */; };
		5E5D23C624FEA95D00124551 /* Persistence.swift in Sources */ = {isa = PBXBuildFile; fileRef = 5E5D23C524FEA95D00124551 /* Persistence.swift */; };
		5E5D23D424FEA95D00124551 /* QRiosityTests.swift in Sources */ = {isa = PBXBuildFile; fileRef = 5E5D23D324FEA95D00124551 /* QRiosityTests.swift */; };
		5E5D23DF24FEA95D00124551 /* QRiosityUITests.swift in Sources */ = {isa = PBXBuildFile; fileRef = 5E5D23DE24FEA95D00124551 /* QRiosityUITests.swift */; };
		5E9B307F2587588200F1CD16 /* Scanner.swift in Sources */ = {isa = PBXBuildFile; fileRef = 5E9B307E2587588200F1CD16 /* Scanner.swift */; };
		5EC711492708427C00838BC2 /* SafariView.swift in Sources */ = {isa = PBXBuildFile; fileRef = 5EC711482708427C00838BC2 /* SafariView.swift */; };
		5EC7114D27084DBB00838BC2 /* NSManagedObject.swift in Sources */ = {isa = PBXBuildFile; fileRef = 5EC7114C27084DBB00838BC2 /* NSManagedObject.swift */; };
		5EC711512708561D00838BC2 /* NSManagedObjectContext.swift in Sources */ = {isa = PBXBuildFile; fileRef = 5EC711502708561D00838BC2 /* NSManagedObjectContext.swift */; };
		5EC711542708B31700838BC2 /* OpenGraph in Frameworks */ = {isa = PBXBuildFile; productRef = 5EC711532708B31700838BC2 /* OpenGraph */; };
		5EC711572708B37B00838BC2 /* OpenGraph+.swift in Sources */ = {isa = PBXBuildFile; fileRef = 5EC711562708B37B00838BC2 /* OpenGraph+.swift */; };
		5EC711592708C30800838BC2 /* String+.swift in Sources */ = {isa = PBXBuildFile; fileRef = 5EC711582708C30800838BC2 /* String+.swift */; };
		5EC711612709678B00838BC2 /* RecordDetail.swift in Sources */ = {isa = PBXBuildFile; fileRef = 5EC711602709678B00838BC2 /* RecordDetail.swift */; };
		5ECE0CAD24FFE6F80084C73B /* CodeReader.xcdatamodeld in Sources */ = {isa = PBXBuildFile; fileRef = 5ECE0CAB24FFE6F70084C73B /* CodeReader.xcdatamodeld */; };
		5ECE0CB024FFE7BF0084C73B /* CodeRecord+CoreDataClass.swift in Sources */ = {isa = PBXBuildFile; fileRef = 5ECE0CAE24FFE7BF0084C73B /* CodeRecord+CoreDataClass.swift */; };
		5ECE0CB124FFE7BF0084C73B /* CodeRecord+CoreDataProperties.swift in Sources */ = {isa = PBXBuildFile; fileRef = 5ECE0CAF24FFE7BF0084C73B /* CodeRecord+CoreDataProperties.swift */; };
		5EE8C45F278801470053C8E4 /* ModalStore.swift in Sources */ = {isa = PBXBuildFile; fileRef = 5EE8C45E278801470053C8E4 /* ModalStore.swift */; };
		5EE8C461278802830053C8E4 /* VisualEffect.swift in Sources */ = {isa = PBXBuildFile; fileRef = 5EE8C460278802830053C8E4 /* VisualEffect.swift */; };
/* End PBXBuildFile section */

/* Begin PBXContainerItemProxy section */
		5E5D23D024FEA95D00124551 /* PBXContainerItemProxy */ = {
			isa = PBXContainerItemProxy;
			containerPortal = 5E5D23B124FEA95B00124551 /* Project object */;
			proxyType = 1;
			remoteGlobalIDString = 5E5D23B824FEA95B00124551;
			remoteInfo = QRiosity;
		};
		5E5D23DB24FEA95D00124551 /* PBXContainerItemProxy */ = {
			isa = PBXContainerItemProxy;
			containerPortal = 5E5D23B124FEA95B00124551 /* Project object */;
			proxyType = 1;
			remoteGlobalIDString = 5E5D23B824FEA95B00124551;
			remoteInfo = QRiosity;
		};
/* End PBXContainerItemProxy section */

/* Begin PBXFileReference section */
		5E22E60F2530BE04007A970B /* ScannerView.swift */ = {isa = PBXFileReference; lastKnownFileType = sourcecode.swift; path = ScannerView.swift; sourceTree = "<group>"; };
		5E2EE9FC267643C20037DED1 /* Font+.swift */ = {isa = PBXFileReference; lastKnownFileType = sourcecode.swift; path = "Font+.swift"; sourceTree = "<group>"; };
		5E582E12250926B600D9F203 /* CollectedList.swift */ = {isa = PBXFileReference; lastKnownFileType = sourcecode.swift; path = CollectedList.swift; sourceTree = "<group>"; };
		5E582E15250926D100D9F203 /* HistoryView.swift */ = {isa = PBXFileReference; lastKnownFileType = sourcecode.swift; path = HistoryView.swift; sourceTree = "<group>"; };
		5E582E1825092E8500D9F203 /* RecordView.swift */ = {isa = PBXFileReference; lastKnownFileType = sourcecode.swift; path = RecordView.swift; sourceTree = "<group>"; };
		5E582E1B2509C27E00D9F203 /* QRiosity App Icon.afphoto */ = {isa = PBXFileReference; lastKnownFileType = file; path = "QRiosity App Icon.afphoto"; sourceTree = "<group>"; };
		5E5C47FB2778B0E500AFE71A /* RoundedMaterialButtonStyle.swift */ = {isa = PBXFileReference; lastKnownFileType = sourcecode.swift; path = RoundedMaterialButtonStyle.swift; sourceTree = "<group>"; };
		5E5D23B924FEA95B00124551 /* QRiosity.app */ = {isa = PBXFileReference; explicitFileType = wrapper.application; includeInIndex = 0; path = QRiosity.app; sourceTree = BUILT_PRODUCTS_DIR; };
		5E5D23BC24FEA95B00124551 /* QRiosityApp.swift */ = {isa = PBXFileReference; lastKnownFileType = sourcecode.swift; path = QRiosityApp.swift; sourceTree = "<group>"; };
		5E5D23BE24FEA95B00124551 /* ContentView.swift */ = {isa = PBXFileReference; lastKnownFileType = sourcecode.swift; path = ContentView.swift; sourceTree = "<group>"; };
		5E5D23C024FEA95D00124551 /* Assets.xcassets */ = {isa = PBXFileReference; lastKnownFileType = folder.assetcatalog; path = Assets.xcassets; sourceTree = "<group>"; };
		5E5D23C324FEA95D00124551 /* Preview Assets.xcassets */ = {isa = PBXFileReference; lastKnownFileType = folder.assetcatalog; path = "Preview Assets.xcassets"; sourceTree = "<group>"; };
		5E5D23C524FEA95D00124551 /* Persistence.swift */ = {isa = PBXFileReference; lastKnownFileType = sourcecode.swift; path = Persistence.swift; sourceTree = "<group>"; };
		5E5D23CA24FEA95D00124551 /* Info.plist */ = {isa = PBXFileReference; lastKnownFileType = text.plist.xml; path = Info.plist; sourceTree = "<group>"; };
		5E5D23CF24FEA95D00124551 /* QRiosityTests.xctest */ = {isa = PBXFileReference; explicitFileType = wrapper.cfbundle; includeInIndex = 0; path = QRiosityTests.xctest; sourceTree = BUILT_PRODUCTS_DIR; };
		5E5D23D324FEA95D00124551 /* QRiosityTests.swift */ = {isa = PBXFileReference; lastKnownFileType = sourcecode.swift; path = QRiosityTests.swift; sourceTree = "<group>"; };
		5E5D23D524FEA95D00124551 /* Info.plist */ = {isa = PBXFileReference; lastKnownFileType = text.plist.xml; path = Info.plist; sourceTree = "<group>"; };
		5E5D23DA24FEA95D00124551 /* QRiosityUITests.xctest */ = {isa = PBXFileReference; explicitFileType = wrapper.cfbundle; includeInIndex = 0; path = QRiosityUITests.xctest; sourceTree = BUILT_PRODUCTS_DIR; };
		5E5D23DE24FEA95D00124551 /* QRiosityUITests.swift */ = {isa = PBXFileReference; lastKnownFileType = sourcecode.swift; path = QRiosityUITests.swift; sourceTree = "<group>"; };
		5E5D23E024FEA95D00124551 /* Info.plist */ = {isa = PBXFileReference; lastKnownFileType = text.plist.xml; path = Info.plist; sourceTree = "<group>"; };
		5E9B307E2587588200F1CD16 /* Scanner.swift */ = {isa = PBXFileReference; lastKnownFileType = sourcecode.swift; path = Scanner.swift; sourceTree = "<group>"; };
		5EC4BCA324FFF717001570C2 /* QRiosity.entitlements */ = {isa = PBXFileReference; lastKnownFileType = text.plist.entitlements; path = QRiosity.entitlements; sourceTree = "<group>"; };
		5EC711482708427C00838BC2 /* SafariView.swift */ = {isa = PBXFileReference; lastKnownFileType = sourcecode.swift; path = SafariView.swift; sourceTree = "<group>"; };
		5EC7114C27084DBB00838BC2 /* NSManagedObject.swift */ = {isa = PBXFileReference; lastKnownFileType = sourcecode.swift; path = NSManagedObject.swift; sourceTree = "<group>"; };
		5EC711502708561D00838BC2 /* NSManagedObjectContext.swift */ = {isa = PBXFileReference; lastKnownFileType = sourcecode.swift; path = NSManagedObjectContext.swift; sourceTree = "<group>"; };
		5EC711562708B37B00838BC2 /* OpenGraph+.swift */ = {isa = PBXFileReference; lastKnownFileType = sourcecode.swift; path = "OpenGraph+.swift"; sourceTree = "<group>"; };
		5EC711582708C30800838BC2 /* String+.swift */ = {isa = PBXFileReference; lastKnownFileType = sourcecode.swift; path = "String+.swift"; sourceTree = "<group>"; };
		5EC711602709678B00838BC2 /* RecordDetail.swift */ = {isa = PBXFileReference; lastKnownFileType = sourcecode.swift; path = RecordDetail.swift; sourceTree = "<group>"; };
		5ECE0CAC24FFE6F70084C73B /* CodeReader.xcdatamodel */ = {isa = PBXFileReference; lastKnownFileType = wrapper.xcdatamodel; path = CodeReader.xcdatamodel; sourceTree = "<group>"; };
		5ECE0CAE24FFE7BF0084C73B /* CodeRecord+CoreDataClass.swift */ = {isa = PBXFileReference; lastKnownFileType = sourcecode.swift; path = "CodeRecord+CoreDataClass.swift"; sourceTree = "<group>"; };
		5ECE0CAF24FFE7BF0084C73B /* CodeRecord+CoreDataProperties.swift */ = {isa = PBXFileReference; lastKnownFileType = sourcecode.swift; path = "CodeRecord+CoreDataProperties.swift"; sourceTree = "<group>"; };
		5EE8C45E278801470053C8E4 /* ModalStore.swift */ = {isa = PBXFileReference; lastKnownFileType = sourcecode.swift; path = ModalStore.swift; sourceTree = "<group>"; };
		5EE8C460278802830053C8E4 /* VisualEffect.swift */ = {isa = PBXFileReference; lastKnownFileType = sourcecode.swift; path = VisualEffect.swift; sourceTree = "<group>"; };
/* End PBXFileReference section */

/* Begin PBXFrameworksBuildPhase section */
		5E5D23B624FEA95B00124551 /* Frameworks */ = {
			isa = PBXFrameworksBuildPhase;
			buildActionMask = 2147483647;
			files = (
				5E47417B26E484DD00A964F8 /* AVScanner in Frameworks */,
				5EC711542708B31700838BC2 /* OpenGraph in Frameworks */,
			);
			runOnlyForDeploymentPostprocessing = 0;
		};
		5E5D23CC24FEA95D00124551 /* Frameworks */ = {
			isa = PBXFrameworksBuildPhase;
			buildActionMask = 2147483647;
			files = (
			);
			runOnlyForDeploymentPostprocessing = 0;
		};
		5E5D23D724FEA95D00124551 /* Frameworks */ = {
			isa = PBXFrameworksBuildPhase;
			buildActionMask = 2147483647;
			files = (
			);
			runOnlyForDeploymentPostprocessing = 0;
		};
/* End PBXFrameworksBuildPhase section */

/* Begin PBXGroup section */
		5E22E5F32530BDA1007A970B /* Scanner */ = {
			isa = PBXGroup;
			children = (
				5E22E60F2530BE04007A970B /* ScannerView.swift */,
				5E9B307E2587588200F1CD16 /* Scanner.swift */,
			);
			path = Scanner;
			sourceTree = "<group>";
		};
		5E2BBD0E27375DCF001AA021 /* EnvironmentKeys */ = {
			isa = PBXGroup;
			children = (
			);
			path = EnvironmentKeys;
			sourceTree = "<group>";
		};
		5E2EE9FA267643940037DED1 /* Extension */ = {
			isa = PBXGroup;
			children = (
				5E2EE9FC267643C20037DED1 /* Font+.swift */,
				5EC711582708C30800838BC2 /* String+.swift */,
				5EC7114E270855FC00838BC2 /* CoreData */,
				5E2BBD0E27375DCF001AA021 /* EnvironmentKeys */,
				5EC711552708B36100838BC2 /* Packages */,
			);
			path = Extension;
			sourceTree = "<group>";
		};
		5E582E14250926C400D9F203 /* History */ = {
			isa = PBXGroup;
			children = (
				5E582E15250926D100D9F203 /* HistoryView.swift */,
			);
			path = History;
			sourceTree = "<group>";
		};
		5E582E1725092E7100D9F203 /* Record */ = {
			isa = PBXGroup;
			children = (
				5E582E1825092E8500D9F203 /* RecordView.swift */,
			);
			path = Record;
			sourceTree = "<group>";
		};
		5E582E1A2509C1C500D9F203 /* Resources */ = {
			isa = PBXGroup;
			children = (
				5E582E1B2509C27E00D9F203 /* QRiosity App Icon.afphoto */,
			);
			path = Resources;
			sourceTree = "<group>";
		};
		5E5C47FA2778ABBC00AFE71A /* Buttons */ = {
			isa = PBXGroup;
			children = (
				5E5C47FB2778B0E500AFE71A /* RoundedMaterialButtonStyle.swift */,
			);
			path = Buttons;
			sourceTree = "<group>";
		};
		5E5D23B024FEA95B00124551 = {
			isa = PBXGroup;
			children = (
				5EFC211C25029EAF00B59CD9 /* Shared */,
				5E5D23BB24FEA95B00124551 /* QRiosity */,
				5E5D23D224FEA95D00124551 /* QRiosityTests */,
				5E5D23DD24FEA95D00124551 /* QRiosityUITests */,
				5E582E1A2509C1C500D9F203 /* Resources */,
				5E5D23BA24FEA95B00124551 /* Products */,
				5E9B30A62587BEA800F1CD16 /* Frameworks */,
			);
			sourceTree = "<group>";
		};
		5E5D23BA24FEA95B00124551 /* Products */ = {
			isa = PBXGroup;
			children = (
				5E5D23B924FEA95B00124551 /* QRiosity.app */,
				5E5D23CF24FEA95D00124551 /* QRiosityTests.xctest */,
				5E5D23DA24FEA95D00124551 /* QRiosityUITests.xctest */,
			);
			name = Products;
			sourceTree = "<group>";
		};
		5E5D23BB24FEA95B00124551 /* QRiosity */ = {
			isa = PBXGroup;
			children = (
				5EC4BCA324FFF717001570C2 /* QRiosity.entitlements */,
				5E5D23CA24FEA95D00124551 /* Info.plist */,
				5E5D23BE24FEA95B00124551 /* ContentView.swift */,
			);
			path = QRiosity;
			sourceTree = "<group>";
		};
		5E5D23C224FEA95D00124551 /* Preview Content */ = {
			isa = PBXGroup;
			children = (
				5E5D23C324FEA95D00124551 /* Preview Assets.xcassets */,
			);
			path = "Preview Content";
			sourceTree = "<group>";
		};
		5E5D23D224FEA95D00124551 /* QRiosityTests */ = {
			isa = PBXGroup;
			children = (
				5E5D23D324FEA95D00124551 /* QRiosityTests.swift */,
				5E5D23D524FEA95D00124551 /* Info.plist */,
			);
			path = QRiosityTests;
			sourceTree = "<group>";
		};
		5E5D23DD24FEA95D00124551 /* QRiosityUITests */ = {
			isa = PBXGroup;
			children = (
				5E5D23DE24FEA95D00124551 /* QRiosityUITests.swift */,
				5E5D23E024FEA95D00124551 /* Info.plist */,
			);
			path = QRiosityUITests;
			sourceTree = "<group>";
		};
		5E9B30A62587BEA800F1CD16 /* Frameworks */ = {
			isa = PBXGroup;
			children = (
			);
			name = Frameworks;
			sourceTree = "<group>";
		};
		5EC711472708426800838BC2 /* Views */ = {
			isa = PBXGroup;
			children = (
				5E5C47FA2778ABBC00AFE71A /* Buttons */,
				5EC711482708427C00838BC2 /* SafariView.swift */,
				5EE8C460278802830053C8E4 /* VisualEffect.swift */,
			);
			path = Views;
			sourceTree = "<group>";
		};
		5EC7114E270855FC00838BC2 /* CoreData */ = {
			isa = PBXGroup;
			children = (
				5EC7114C27084DBB00838BC2 /* NSManagedObject.swift */,
				5EC711502708561D00838BC2 /* NSManagedObjectContext.swift */,
			);
			path = CoreData;
			sourceTree = "<group>";
		};
		5EC711552708B36100838BC2 /* Packages */ = {
			isa = PBXGroup;
			children = (
				5EC711562708B37B00838BC2 /* OpenGraph+.swift */,
			);
			path = Packages;
			sourceTree = "<group>";
		};
		5EC7115F2709678100838BC2 /* RecordDetail */ = {
			isa = PBXGroup;
			children = (
				5EC711602709678B00838BC2 /* RecordDetail.swift */,
			);
			path = RecordDetail;
			sourceTree = "<group>";
		};
		5ECE0CB224FFE7C40084C73B /* Core Data Models */ = {
			isa = PBXGroup;
			children = (
				5ECE0CAE24FFE7BF0084C73B /* CodeRecord+CoreDataClass.swift */,
				5ECE0CAF24FFE7BF0084C73B /* CodeRecord+CoreDataProperties.swift */,
			);
			path = "Core Data Models";
			sourceTree = "<group>";
		};
		5EE8C45D278801210053C8E4 /* Utils */ = {
			isa = PBXGroup;
			children = (
				5EE8C45E278801470053C8E4 /* ModalStore.swift */,
			);
			path = Utils;
			sourceTree = "<group>";
		};
		5EFC211C25029EAF00B59CD9 /* Shared */ = {
			isa = PBXGroup;
			children = (
				5E5D23BC24FEA95B00124551 /* QRiosityApp.swift */,
				5E5D23C024FEA95D00124551 /* Assets.xcassets */,
				5ECE0CB224FFE7C40084C73B /* Core Data Models */,
				5E2EE9FA267643940037DED1 /* Extension */,
				5EFC211D25029EC300B59CD9 /* Persistance */,
				5E5D23C224FEA95D00124551 /* Preview Content */,
				5EFC211E2502A1AC00B59CD9 /* Scenes */,
				5EE8C45D278801210053C8E4 /* Utils */,
				5EC711472708426800838BC2 /* Views */,
			);
			path = Shared;
			sourceTree = "<group>";
		};
		5EFC211D25029EC300B59CD9 /* Persistance */ = {
			isa = PBXGroup;
			children = (
				5ECE0CAB24FFE6F70084C73B /* CodeReader.xcdatamodeld */,
				5E5D23C524FEA95D00124551 /* Persistence.swift */,
			);
			path = Persistance;
			sourceTree = "<group>";
		};
		5EFC211E2502A1AC00B59CD9 /* Scenes */ = {
			isa = PBXGroup;
			children = (
				5EC7115F2709678100838BC2 /* RecordDetail */,
				5E22E5F32530BDA1007A970B /* Scanner */,
				5E582E1725092E7100D9F203 /* Record */,
				5E582E14250926C400D9F203 /* History */,
				5EFC211F2502A1F900B59CD9 /* Collected */,
			);
			path = Scenes;
			sourceTree = "<group>";
		};
		5EFC211F2502A1F900B59CD9 /* Collected */ = {
			isa = PBXGroup;
			children = (
				5E582E12250926B600D9F203 /* CollectedList.swift */,
			);
			path = Collected;
			sourceTree = "<group>";
		};
/* End PBXGroup section */

/* Begin PBXNativeTarget section */
		5E5D23B824FEA95B00124551 /* QRiosity */ = {
			isa = PBXNativeTarget;
			buildConfigurationList = 5E5D23E324FEA95D00124551 /* Build configuration list for PBXNativeTarget "QRiosity" */;
			buildPhases = (
				5E5D23B524FEA95B00124551 /* Sources */,
				5E5D23B624FEA95B00124551 /* Frameworks */,
				5E5D23B724FEA95B00124551 /* Resources */,
			);
			buildRules = (
			);
			dependencies = (
			);
			name = QRiosity;
			packageProductDependencies = (
				5E47417A26E484DD00A964F8 /* AVScanner */,
				5EC711532708B31700838BC2 /* OpenGraph */,
			);
			productName = QRiosity;
			productReference = 5E5D23B924FEA95B00124551 /* QRiosity.app */;
			productType = "com.apple.product-type.application";
		};
		5E5D23CE24FEA95D00124551 /* QRiosityTests */ = {
			isa = PBXNativeTarget;
			buildConfigurationList = 5E5D23E624FEA95D00124551 /* Build configuration list for PBXNativeTarget "QRiosityTests" */;
			buildPhases = (
				5E5D23CB24FEA95D00124551 /* Sources */,
				5E5D23CC24FEA95D00124551 /* Frameworks */,
				5E5D23CD24FEA95D00124551 /* Resources */,
			);
			buildRules = (
			);
			dependencies = (
				5E5D23D124FEA95D00124551 /* PBXTargetDependency */,
			);
			name = QRiosityTests;
			productName = QRiosityTests;
			productReference = 5E5D23CF24FEA95D00124551 /* QRiosityTests.xctest */;
			productType = "com.apple.product-type.bundle.unit-test";
		};
		5E5D23D924FEA95D00124551 /* QRiosityUITests */ = {
			isa = PBXNativeTarget;
			buildConfigurationList = 5E5D23E924FEA95D00124551 /* Build configuration list for PBXNativeTarget "QRiosityUITests" */;
			buildPhases = (
				5E5D23D624FEA95D00124551 /* Sources */,
				5E5D23D724FEA95D00124551 /* Frameworks */,
				5E5D23D824FEA95D00124551 /* Resources */,
			);
			buildRules = (
			);
			dependencies = (
				5E5D23DC24FEA95D00124551 /* PBXTargetDependency */,
			);
			name = QRiosityUITests;
			productName = QRiosityUITests;
			productReference = 5E5D23DA24FEA95D00124551 /* QRiosityUITests.xctest */;
			productType = "com.apple.product-type.bundle.ui-testing";
		};
/* End PBXNativeTarget section */

/* Begin PBXProject section */
		5E5D23B124FEA95B00124551 /* Project object */ = {
			isa = PBXProject;
			attributes = {
				BuildIndependentTargetsInParallel = YES;
				LastSwiftUpdateCheck = 1200;
				LastUpgradeCheck = 1500;
				ORGANIZATIONNAME = mrfour;
				TargetAttributes = {
					5E5D23B824FEA95B00124551 = {
						CreatedOnToolsVersion = 12.0;
					};
					5E5D23CE24FEA95D00124551 = {
						CreatedOnToolsVersion = 12.0;
						TestTargetID = 5E5D23B824FEA95B00124551;
					};
					5E5D23D924FEA95D00124551 = {
						CreatedOnToolsVersion = 12.0;
						TestTargetID = 5E5D23B824FEA95B00124551;
					};
				};
			};
			buildConfigurationList = 5E5D23B424FEA95B00124551 /* Build configuration list for PBXProject "QRiosity" */;
			compatibilityVersion = "Xcode 9.3";
			developmentRegion = en;
			hasScannedForEncodings = 0;
			knownRegions = (
				en,
				Base,
			);
			mainGroup = 5E5D23B024FEA95B00124551;
			packageReferences = (
				5E47417926E4836F00A964F8 /* XCRemoteSwiftPackageReference "AVScanner" */,
				5EC711522708B31700838BC2 /* XCRemoteSwiftPackageReference "OpenGraph" */,
			);
			productRefGroup = 5E5D23BA24FEA95B00124551 /* Products */;
			projectDirPath = "";
			projectRoot = "";
			targets = (
				5E5D23B824FEA95B00124551 /* QRiosity */,
				5E5D23CE24FEA95D00124551 /* QRiosityTests */,
				5E5D23D924FEA95D00124551 /* QRiosityUITests */,
			);
		};
/* End PBXProject section */

/* Begin PBXResourcesBuildPhase section */
		5E5D23B724FEA95B00124551 /* Resources */ = {
			isa = PBXResourcesBuildPhase;
			buildActionMask = 2147483647;
			files = (
				5E5D23C424FEA95D00124551 /* Preview Assets.xcassets in Resources */,
				5E5D23C124FEA95D00124551 /* Assets.xcassets in Resources */,
			);
			runOnlyForDeploymentPostprocessing = 0;
		};
		5E5D23CD24FEA95D00124551 /* Resources */ = {
			isa = PBXResourcesBuildPhase;
			buildActionMask = 2147483647;
			files = (
			);
			runOnlyForDeploymentPostprocessing = 0;
		};
		5E5D23D824FEA95D00124551 /* Resources */ = {
			isa = PBXResourcesBuildPhase;
			buildActionMask = 2147483647;
			files = (
			);
			runOnlyForDeploymentPostprocessing = 0;
		};
/* End PBXResourcesBuildPhase section */

/* Begin PBXSourcesBuildPhase section */
		5E5D23B524FEA95B00124551 /* Sources */ = {
			isa = PBXSourcesBuildPhase;
			buildActionMask = 2147483647;
			files = (
				5EE8C461278802830053C8E4 /* VisualEffect.swift in Sources */,
				5E2EE9FD267643C20037DED1 /* Font+.swift in Sources */,
				5EC711612709678B00838BC2 /* RecordDetail.swift in Sources */,
				5E5D23C624FEA95D00124551 /* Persistence.swift in Sources */,
				5EC711492708427C00838BC2 /* SafariView.swift in Sources */,
				5EC7114D27084DBB00838BC2 /* NSManagedObject.swift in Sources */,
				5EE8C45F278801470053C8E4 /* ModalStore.swift in Sources */,
				5E582E1925092E8500D9F203 /* RecordView.swift in Sources */,
				5E582E16250926D100D9F203 /* HistoryView.swift in Sources */,
				5E582E13250926B600D9F203 /* CollectedList.swift in Sources */,
				5ECE0CB024FFE7BF0084C73B /* CodeRecord+CoreDataClass.swift in Sources */,
				5E5C47FC2778B0E500AFE71A /* RoundedMaterialButtonStyle.swift in Sources */,
				5E5D23BF24FEA95B00124551 /* ContentView.swift in Sources */,
				5EC711512708561D00838BC2 /* NSManagedObjectContext.swift in Sources */,
				5EC711572708B37B00838BC2 /* OpenGraph+.swift in Sources */,
				5ECE0CB124FFE7BF0084C73B /* CodeRecord+CoreDataProperties.swift in Sources */,
				5ECE0CAD24FFE6F80084C73B /* CodeReader.xcdatamodeld in Sources */,
				5E5D23BD24FEA95B00124551 /* QRiosityApp.swift in Sources */,
				5EC711592708C30800838BC2 /* String+.swift in Sources */,
				5E22E6102530BE04007A970B /* ScannerView.swift in Sources */,
				5E9B307F2587588200F1CD16 /* Scanner.swift in Sources */,
			);
			runOnlyForDeploymentPostprocessing = 0;
		};
		5E5D23CB24FEA95D00124551 /* Sources */ = {
			isa = PBXSourcesBuildPhase;
			buildActionMask = 2147483647;
			files = (
				5E5D23D424FEA95D00124551 /* QRiosityTests.swift in Sources */,
			);
			runOnlyForDeploymentPostprocessing = 0;
		};
		5E5D23D624FEA95D00124551 /* Sources */ = {
			isa = PBXSourcesBuildPhase;
			buildActionMask = 2147483647;
			files = (
				5E5D23DF24FEA95D00124551 /* QRiosityUITests.swift in Sources */,
			);
			runOnlyForDeploymentPostprocessing = 0;
		};
/* End PBXSourcesBuildPhase section */

/* Begin PBXTargetDependency section */
		5E5D23D124FEA95D00124551 /* PBXTargetDependency */ = {
			isa = PBXTargetDependency;
			target = 5E5D23B824FEA95B00124551 /* QRiosity */;
			targetProxy = 5E5D23D024FEA95D00124551 /* PBXContainerItemProxy */;
		};
		5E5D23DC24FEA95D00124551 /* PBXTargetDependency */ = {
			isa = PBXTargetDependency;
			target = 5E5D23B824FEA95B00124551 /* QRiosity */;
			targetProxy = 5E5D23DB24FEA95D00124551 /* PBXContainerItemProxy */;
		};
/* End PBXTargetDependency section */

/* Begin XCBuildConfiguration section */
		5E5D23E124FEA95D00124551 /* Debug */ = {
			isa = XCBuildConfiguration;
			buildSettings = {
				ALWAYS_SEARCH_USER_PATHS = NO;
				CLANG_ANALYZER_NONNULL = YES;
				CLANG_ANALYZER_NUMBER_OBJECT_CONVERSION = YES_AGGRESSIVE;
				CLANG_CXX_LANGUAGE_STANDARD = "gnu++14";
				CLANG_CXX_LIBRARY = "libc++";
				CLANG_ENABLE_MODULES = YES;
				CLANG_ENABLE_OBJC_ARC = YES;
				CLANG_ENABLE_OBJC_WEAK = YES;
				CLANG_WARN_BLOCK_CAPTURE_AUTORELEASING = YES;
				CLANG_WARN_BOOL_CONVERSION = YES;
				CLANG_WARN_COMMA = YES;
				CLANG_WARN_CONSTANT_CONVERSION = YES;
				CLANG_WARN_DEPRECATED_OBJC_IMPLEMENTATIONS = YES;
				CLANG_WARN_DIRECT_OBJC_ISA_USAGE = YES_ERROR;
				CLANG_WARN_DOCUMENTATION_COMMENTS = YES;
				CLANG_WARN_EMPTY_BODY = YES;
				CLANG_WARN_ENUM_CONVERSION = YES;
				CLANG_WARN_INFINITE_RECURSION = YES;
				CLANG_WARN_INT_CONVERSION = YES;
				CLANG_WARN_NON_LITERAL_NULL_CONVERSION = YES;
				CLANG_WARN_OBJC_IMPLICIT_RETAIN_SELF = YES;
				CLANG_WARN_OBJC_LITERAL_CONVERSION = YES;
				CLANG_WARN_OBJC_ROOT_CLASS = YES_ERROR;
				CLANG_WARN_QUOTED_INCLUDE_IN_FRAMEWORK_HEADER = YES;
				CLANG_WARN_RANGE_LOOP_ANALYSIS = YES;
				CLANG_WARN_STRICT_PROTOTYPES = YES;
				CLANG_WARN_SUSPICIOUS_MOVE = YES;
				CLANG_WARN_UNGUARDED_AVAILABILITY = YES_AGGRESSIVE;
				CLANG_WARN_UNREACHABLE_CODE = YES;
				CLANG_WARN__DUPLICATE_METHOD_MATCH = YES;
				COPY_PHASE_STRIP = NO;
				DEBUG_INFORMATION_FORMAT = dwarf;
				ENABLE_STRICT_OBJC_MSGSEND = YES;
				ENABLE_TESTABILITY = YES;
				ENABLE_USER_SCRIPT_SANDBOXING = YES;
				GCC_C_LANGUAGE_STANDARD = gnu11;
				GCC_DYNAMIC_NO_PIC = NO;
				GCC_NO_COMMON_BLOCKS = YES;
				GCC_OPTIMIZATION_LEVEL = 0;
				GCC_PREPROCESSOR_DEFINITIONS = (
					"DEBUG=1",
					"$(inherited)",
				);
				GCC_WARN_64_TO_32_BIT_CONVERSION = YES;
				GCC_WARN_ABOUT_RETURN_TYPE = YES_ERROR;
				GCC_WARN_UNDECLARED_SELECTOR = YES;
				GCC_WARN_UNINITIALIZED_AUTOS = YES_AGGRESSIVE;
				GCC_WARN_UNUSED_FUNCTION = YES;
				GCC_WARN_UNUSED_VARIABLE = YES;
				MTL_ENABLE_DEBUG_INFO = INCLUDE_SOURCE;
				MTL_FAST_MATH = YES;
				ONLY_ACTIVE_ARCH = YES;
				SDKROOT = iphoneos;
				SWIFT_ACTIVE_COMPILATION_CONDITIONS = DEBUG;
				SWIFT_OPTIMIZATION_LEVEL = "-Onone";
			};
			name = Debug;
		};
		5E5D23E224FEA95D00124551 /* Release */ = {
			isa = XCBuildConfiguration;
			buildSettings = {
				ALWAYS_SEARCH_USER_PATHS = NO;
				CLANG_ANALYZER_NONNULL = YES;
				CLANG_ANALYZER_NUMBER_OBJECT_CONVERSION = YES_AGGRESSIVE;
				CLANG_CXX_LANGUAGE_STANDARD = "gnu++14";
				CLANG_CXX_LIBRARY = "libc++";
				CLANG_ENABLE_MODULES = YES;
				CLANG_ENABLE_OBJC_ARC = YES;
				CLANG_ENABLE_OBJC_WEAK = YES;
				CLANG_WARN_BLOCK_CAPTURE_AUTORELEASING = YES;
				CLANG_WARN_BOOL_CONVERSION = YES;
				CLANG_WARN_COMMA = YES;
				CLANG_WARN_CONSTANT_CONVERSION = YES;
				CLANG_WARN_DEPRECATED_OBJC_IMPLEMENTATIONS = YES;
				CLANG_WARN_DIRECT_OBJC_ISA_USAGE = YES_ERROR;
				CLANG_WARN_DOCUMENTATION_COMMENTS = YES;
				CLANG_WARN_EMPTY_BODY = YES;
				CLANG_WARN_ENUM_CONVERSION = YES;
				CLANG_WARN_INFINITE_RECURSION = YES;
				CLANG_WARN_INT_CONVERSION = YES;
				CLANG_WARN_NON_LITERAL_NULL_CONVERSION = YES;
				CLANG_WARN_OBJC_IMPLICIT_RETAIN_SELF = YES;
				CLANG_WARN_OBJC_LITERAL_CONVERSION = YES;
				CLANG_WARN_OBJC_ROOT_CLASS = YES_ERROR;
				CLANG_WARN_QUOTED_INCLUDE_IN_FRAMEWORK_HEADER = YES;
				CLANG_WARN_RANGE_LOOP_ANALYSIS = YES;
				CLANG_WARN_STRICT_PROTOTYPES = YES;
				CLANG_WARN_SUSPICIOUS_MOVE = YES;
				CLANG_WARN_UNGUARDED_AVAILABILITY = YES_AGGRESSIVE;
				CLANG_WARN_UNREACHABLE_CODE = YES;
				CLANG_WARN__DUPLICATE_METHOD_MATCH = YES;
				COPY_PHASE_STRIP = NO;
				DEBUG_INFORMATION_FORMAT = "dwarf-with-dsym";
				ENABLE_NS_ASSERTIONS = NO;
				ENABLE_STRICT_OBJC_MSGSEND = YES;
				ENABLE_USER_SCRIPT_SANDBOXING = YES;
				GCC_C_LANGUAGE_STANDARD = gnu11;
				GCC_NO_COMMON_BLOCKS = YES;
				GCC_WARN_64_TO_32_BIT_CONVERSION = YES;
				GCC_WARN_ABOUT_RETURN_TYPE = YES_ERROR;
				GCC_WARN_UNDECLARED_SELECTOR = YES;
				GCC_WARN_UNINITIALIZED_AUTOS = YES_AGGRESSIVE;
				GCC_WARN_UNUSED_FUNCTION = YES;
				GCC_WARN_UNUSED_VARIABLE = YES;
				MTL_ENABLE_DEBUG_INFO = NO;
				MTL_FAST_MATH = YES;
				SDKROOT = iphoneos;
				SWIFT_COMPILATION_MODE = wholemodule;
				SWIFT_OPTIMIZATION_LEVEL = "-O";
				VALIDATE_PRODUCT = YES;
			};
			name = Release;
		};
		5E5D23E424FEA95D00124551 /* Debug */ = {
			isa = XCBuildConfiguration;
			buildSettings = {
				ASSETCATALOG_COMPILER_APPICON_NAME = AppIcon;
				ASSETCATALOG_COMPILER_GLOBAL_ACCENT_COLOR_NAME = AccentColor;
				CODE_SIGN_ENTITLEMENTS = QRiosity/QRiosity.entitlements;
				CODE_SIGN_STYLE = Automatic;
				DEVELOPMENT_ASSET_PATHS = "\"Shared/Preview Content\"";
				DEVELOPMENT_TEAM = CQ58SNCG49;
				ENABLE_PREVIEWS = YES;
				INFOPLIST_FILE = QRiosity/Info.plist;
				IPHONEOS_DEPLOYMENT_TARGET = 17.0;
				LD_RUNPATH_SEARCH_PATHS = (
					"$(inherited)",
					"@executable_path/Frameworks",
				);
				PRODUCT_BUNDLE_IDENTIFIER = com.mrfour.8codereader;
				PRODUCT_NAME = "$(TARGET_NAME)";
				SWIFT_VERSION = 5.0;
				TARGETED_DEVICE_FAMILY = "1,2";
			};
			name = Debug;
		};
		5E5D23E524FEA95D00124551 /* Release */ = {
			isa = XCBuildConfiguration;
			buildSettings = {
				ASSETCATALOG_COMPILER_APPICON_NAME = AppIcon;
				ASSETCATALOG_COMPILER_GLOBAL_ACCENT_COLOR_NAME = AccentColor;
				CODE_SIGN_ENTITLEMENTS = QRiosity/QRiosity.entitlements;
				CODE_SIGN_STYLE = Automatic;
				DEVELOPMENT_ASSET_PATHS = "\"Shared/Preview Content\"";
				DEVELOPMENT_TEAM = CQ58SNCG49;
				ENABLE_PREVIEWS = YES;
				INFOPLIST_FILE = QRiosity/Info.plist;
				IPHONEOS_DEPLOYMENT_TARGET = 17.0;
				LD_RUNPATH_SEARCH_PATHS = (
					"$(inherited)",
					"@executable_path/Frameworks",
				);
				PRODUCT_BUNDLE_IDENTIFIER = com.mrfour.8codereader;
				PRODUCT_NAME = "$(TARGET_NAME)";
				SWIFT_VERSION = 5.0;
				TARGETED_DEVICE_FAMILY = "1,2";
			};
			name = Release;
		};
		5E5D23E724FEA95D00124551 /* Debug */ = {
			isa = XCBuildConfiguration;
			buildSettings = {
				ALWAYS_EMBED_SWIFT_STANDARD_LIBRARIES = YES;
				BUNDLE_LOADER = "$(TEST_HOST)";
				CODE_SIGN_STYLE = Automatic;
				DEVELOPMENT_TEAM = 3XESJ7333X;
				INFOPLIST_FILE = QRiosityTests/Info.plist;
				LD_RUNPATH_SEARCH_PATHS = (
					"$(inherited)",
					"@executable_path/Frameworks",
					"@loader_path/Frameworks",
				);
				PRODUCT_BUNDLE_IDENTIFIER = com.mrfour.QRiosityTests;
				PRODUCT_NAME = "$(TARGET_NAME)";
				SWIFT_VERSION = 5.0;
				TARGETED_DEVICE_FAMILY = "1,2";
				TEST_HOST = "$(BUILT_PRODUCTS_DIR)/QRiosity.app/QRiosity";
			};
			name = Debug;
		};
		5E5D23E824FEA95D00124551 /* Release */ = {
			isa = XCBuildConfiguration;
			buildSettings = {
				ALWAYS_EMBED_SWIFT_STANDARD_LIBRARIES = YES;
				BUNDLE_LOADER = "$(TEST_HOST)";
				CODE_SIGN_STYLE = Automatic;
				DEVELOPMENT_TEAM = 3XESJ7333X;
				INFOPLIST_FILE = QRiosityTests/Info.plist;
				LD_RUNPATH_SEARCH_PATHS = (
					"$(inherited)",
					"@executable_path/Frameworks",
					"@loader_path/Frameworks",
				);
				PRODUCT_BUNDLE_IDENTIFIER = com.mrfour.QRiosityTests;
				PRODUCT_NAME = "$(TARGET_NAME)";
				SWIFT_VERSION = 5.0;
				TARGETED_DEVICE_FAMILY = "1,2";
				TEST_HOST = "$(BUILT_PRODUCTS_DIR)/QRiosity.app/QRiosity";
			};
			name = Release;
		};
		5E5D23EA24FEA95D00124551 /* Debug */ = {
			isa = XCBuildConfiguration;
			buildSettings = {
				ALWAYS_EMBED_SWIFT_STANDARD_LIBRARIES = YES;
				CODE_SIGN_STYLE = Automatic;
				DEVELOPMENT_TEAM = 3XESJ7333X;
				INFOPLIST_FILE = QRiosityUITests/Info.plist;
				LD_RUNPATH_SEARCH_PATHS = (
					"$(inherited)",
					"@executable_path/Frameworks",
					"@loader_path/Frameworks",
				);
				PRODUCT_BUNDLE_IDENTIFIER = com.mrfour.QRiosityUITests;
				PRODUCT_NAME = "$(TARGET_NAME)";
				SWIFT_VERSION = 5.0;
				TARGETED_DEVICE_FAMILY = "1,2";
				TEST_TARGET_NAME = QRiosity;
			};
			name = Debug;
		};
		5E5D23EB24FEA95D00124551 /* Release */ = {
			isa = XCBuildConfiguration;
			buildSettings = {
				ALWAYS_EMBED_SWIFT_STANDARD_LIBRARIES = YES;
				CODE_SIGN_STYLE = Automatic;
				DEVELOPMENT_TEAM = 3XESJ7333X;
				INFOPLIST_FILE = QRiosityUITests/Info.plist;
				LD_RUNPATH_SEARCH_PATHS = (
					"$(inherited)",
					"@executable_path/Frameworks",
					"@loader_path/Frameworks",
				);
				PRODUCT_BUNDLE_IDENTIFIER = com.mrfour.QRiosityUITests;
				PRODUCT_NAME = "$(TARGET_NAME)";
				SWIFT_VERSION = 5.0;
				TARGETED_DEVICE_FAMILY = "1,2";
				TEST_TARGET_NAME = QRiosity;
			};
			name = Release;
		};
/* End XCBuildConfiguration section */

/* Begin XCConfigurationList section */
		5E5D23B424FEA95B00124551 /* Build configuration list for PBXProject "QRiosity" */ = {
			isa = XCConfigurationList;
			buildConfigurations = (
				5E5D23E124FEA95D00124551 /* Debug */,
				5E5D23E224FEA95D00124551 /* Release */,
			);
			defaultConfigurationIsVisible = 0;
			defaultConfigurationName = Release;
		};
		5E5D23E324FEA95D00124551 /* Build configuration list for PBXNativeTarget "QRiosity" */ = {
			isa = XCConfigurationList;
			buildConfigurations = (
				5E5D23E424FEA95D00124551 /* Debug */,
				5E5D23E524FEA95D00124551 /* Release */,
			);
			defaultConfigurationIsVisible = 0;
			defaultConfigurationName = Release;
		};
		5E5D23E624FEA95D00124551 /* Build configuration list for PBXNativeTarget "QRiosityTests" */ = {
			isa = XCConfigurationList;
			buildConfigurations = (
				5E5D23E724FEA95D00124551 /* Debug */,
				5E5D23E824FEA95D00124551 /* Release */,
			);
			defaultConfigurationIsVisible = 0;
			defaultConfigurationName = Release;
		};
		5E5D23E924FEA95D00124551 /* Build configuration list for PBXNativeTarget "QRiosityUITests" */ = {
			isa = XCConfigurationList;
			buildConfigurations = (
				5E5D23EA24FEA95D00124551 /* Debug */,
				5E5D23EB24FEA95D00124551 /* Release */,
			);
			defaultConfigurationIsVisible = 0;
			defaultConfigurationName = Release;
		};
/* End XCConfigurationList section */

/* Begin XCRemoteSwiftPackageReference section */
		5E47417926E4836F00A964F8 /* XCRemoteSwiftPackageReference "AVScanner" */ = {
			isa = XCRemoteSwiftPackageReference;
			repositoryURL = "https://github.com/mrfour0004/AVScanner";
			requirement = {
				kind = upToNextMajorVersion;
				minimumVersion = 1.0.0;
			};
		};
		5EC711522708B31700838BC2 /* XCRemoteSwiftPackageReference "OpenGraph" */ = {
			isa = XCRemoteSwiftPackageReference;
			repositoryURL = "https://github.com/satoshi-takano/OpenGraph";
			requirement = {
				kind = upToNextMajorVersion;
				minimumVersion = 1.0.0;
			};
		};
/* End XCRemoteSwiftPackageReference section */

/* Begin XCSwiftPackageProductDependency section */
		5E47417A26E484DD00A964F8 /* AVScanner */ = {
			isa = XCSwiftPackageProductDependency;
			package = 5E47417926E4836F00A964F8 /* XCRemoteSwiftPackageReference "AVScanner" */;
			productName = AVScanner;
		};
		5EC711532708B31700838BC2 /* OpenGraph */ = {
			isa = XCSwiftPackageProductDependency;
			package = 5EC711522708B31700838BC2 /* XCRemoteSwiftPackageReference "OpenGraph" */;
			productName = OpenGraph;
		};
/* End XCSwiftPackageProductDependency section */

/* Begin XCVersionGroup section */
		5ECE0CAB24FFE6F70084C73B /* CodeReader.xcdatamodeld */ = {
			isa = XCVersionGroup;
			children = (
				5ECE0CAC24FFE6F70084C73B /* CodeReader.xcdatamodel */,
			);
			currentVersion = 5ECE0CAC24FFE6F70084C73B /* CodeReader.xcdatamodel */;
			path = CodeReader.xcdatamodeld;
			sourceTree = "<group>";
			versionGroupType = wrapper.xcdatamodel;
		};
/* End XCVersionGroup section */
	};
	rootObject = 5E5D23B124FEA95B00124551 /* Project object */;
}
