// !$*UTF8*$!
{
	archiveVersion = 1;
	classes = {
	};
	objectVersion = 70;
	objects = {

/* Begin PBXBuildFile section */
		5E47417B26E484DD00A964F8 /* AVScanner in Frameworks */ = {isa = PBXBuildFile; productRef = 5E47417A26E484DD00A964F8 /* AVScanner */; };
		9E4E153C2E98239B005C9B85 /* WidgetKit.framework in Frameworks */ = {isa = PBXBuildFile; fileRef = 9E4E15052E981D5F005C9B85 /* WidgetKit.framework */; };
		9E4E153D2E98239B005C9B85 /* SwiftUI.framework in Frameworks */ = {isa = PBXBuildFile; fileRef = 9E4E15072E981D5F005C9B85 /* SwiftUI.framework */; };
		9E4E154A2E98239C005C9B85 /* RecordWidgetExtension.appex in Embed Foundation Extensions */ = {isa = PBXBuildFile; fileRef = 9E4E153B2E98239B005C9B85 /* RecordWidgetExtension.appex */; settings = {ATTRIBUTES = (RemoveHeadersOnCopy, ); }; };
		9EEF95302E8042760044089F /* SwiftNavigation in Frameworks */ = {isa = PBXBuildFile; productRef = 9EEF952F2E8042760044089F /* SwiftNavigation */; };
		9EEF95322E8042760044089F /* SwiftUINavigation in Frameworks */ = {isa = PBXBuildFile; productRef = 9EEF95312E8042760044089F /* SwiftUINavigation */; };
		9EEF95352E80483C0044089F /* Alamofire in Frameworks */ = {isa = PBXBuildFile; productRef = 9EEF95342E80483C0044089F /* Alamofire */; };
		9EEF95382E8049810044089F /* Kanna in Frameworks */ = {isa = PBXBuildFile; productRef = 9EEF95372E8049810044089F /* Kanna */; };
/* End PBXBuildFile section */

/* Begin PBXContainerItemProxy section */
		5E5D23D024FEA95D00124551 /* PBXContainerItemProxy */ = {
			isa = PBXContainerItemProxy;
			containerPortal = 5E5D23B124FEA95B00124551 /* Project object */;
			proxyType = 1;
			remoteGlobalIDString = 5E5D23B824FEA95B00124551;
			remoteInfo = QRiosity;
		};
		5E5D23DB24FEA95D00124551 /* PBXContainerItemProxy */ = {
			isa = PBXContainerItemProxy;
			containerPortal = 5E5D23B124FEA95B00124551 /* Project object */;
			proxyType = 1;
			remoteGlobalIDString = 5E5D23B824FEA95B00124551;
			remoteInfo = QRiosity;
		};
		9E4E15482E98239C005C9B85 /* PBXContainerItemProxy */ = {
			isa = PBXContainerItemProxy;
			containerPortal = 5E5D23B124FEA95B00124551 /* Project object */;
			proxyType = 1;
			remoteGlobalIDString = 9E4E153A2E98239B005C9B85;
			remoteInfo = RecordWidgetExtension;
		};
/* End PBXContainerItemProxy section */

/* Begin PBXCopyFilesBuildPhase section */
		9E4E151A2E981D60005C9B85 /* Embed Foundation Extensions */ = {
			isa = PBXCopyFilesBuildPhase;
			buildActionMask = 2147483647;
			dstPath = "";
			dstSubfolderSpec = 13;
			files = (
				9E4E154A2E98239C005C9B85 /* RecordWidgetExtension.appex in Embed Foundation Extensions */,
			);
			name = "Embed Foundation Extensions";
			runOnlyForDeploymentPostprocessing = 0;
		};
/* End PBXCopyFilesBuildPhase section */

/* Begin PBXFileReference section */
		9E4E15052E981D5F005C9B85 /* WidgetKit.framework */ = {isa = PBXFileReference; lastKnownFileType = wrapper.framework; name = WidgetKit.framework; path = System/Library/Frameworks/WidgetKit.framework; sourceTree = SDKROOT; };
		9E4E15072E981D5F005C9B85 /* SwiftUI.framework */ = {isa = PBXFileReference; lastKnownFileType = wrapper.framework; name = SwiftUI.framework; path = System/Library/Frameworks/SwiftUI.framework; sourceTree = SDKROOT; };
		9E4E153B2E98239B005C9B85 /* RecordWidgetExtension.appex */ = {isa = PBXFileReference; explicitFileType = "wrapper.app-extension"; includeInIndex = 0; path = RecordWidgetExtension.appex; sourceTree = BUILT_PRODUCTS_DIR; };
		9E4E154F2E982482005C9B85 /* RecordWidgetExtension.entitlements */ = {isa = PBXFileReference; lastKnownFileType = text.plist.entitlements; path = RecordWidgetExtension.entitlements; sourceTree = "<group>"; };
		9E7B82E32E5B64380026588F /* QRiosity.app */ = {isa = PBXFileReference; explicitFileType = wrapper.application; includeInIndex = 0; path = QRiosity.app; sourceTree = BUILT_PRODUCTS_DIR; };
		9E7B82E42E5B64380026588F /* QRiosityTests.xctest */ = {isa = PBXFileReference; explicitFileType = wrapper.cfbundle; includeInIndex = 0; path = QRiosityTests.xctest; sourceTree = BUILT_PRODUCTS_DIR; };
		9E7B82E52E5B64380026588F /* QRiosityUITests.xctest */ = {isa = PBXFileReference; explicitFileType = wrapper.cfbundle; includeInIndex = 0; path = QRiosityUITests.xctest; sourceTree = BUILT_PRODUCTS_DIR; };
/* End PBXFileReference section */

/* Begin PBXFileSystemSynchronizedBuildFileExceptionSet section */
		9E4E154E2E98239C005C9B85 /* PBXFileSystemSynchronizedBuildFileExceptionSet */ = {
			isa = PBXFileSystemSynchronizedBuildFileExceptionSet;
			membershipExceptions = (
				Info.plist,
			);
			target = 9E4E153A2E98239B005C9B85 /* RecordWidgetExtension */;
		};
		9E4E15732E98282D005C9B85 /* PBXFileSystemSynchronizedBuildFileExceptionSet */ = {
			isa = PBXFileSystemSynchronizedBuildFileExceptionSet;
			membershipExceptions = (
				"Extension/String+.swift",
				"Extension/String+CommonCrypto.swift",
				Models/CodeRecord.swift,
				Persistance/Persistence.swift,
				Utilities/BarcodeGeneration/BarcodeGenerator.swift,
				Utilities/BarcodeGeneration/BarcodeGeneratorFactory.swift,
				Utilities/BarcodeGeneration/Generators/AztecCodeGenerator.swift,
				Utilities/BarcodeGeneration/Generators/Code128Generator.swift,
				Utilities/BarcodeGeneration/Generators/PDF417Generator.swift,
				Utilities/BarcodeGeneration/Generators/QRCodeGenerator.swift,
				Utilities/BarcodeImageStorage.swift,
			);
			target = 9E4E153A2E98239B005C9B85 /* RecordWidgetExtension */;
		};
		9E5AA1462E7B12B700C93219 /* PBXFileSystemSynchronizedBuildFileExceptionSet */ = {
			isa = PBXFileSystemSynchronizedBuildFileExceptionSet;
			membershipExceptions = (
				Localizable.xcstrings,
			);
			target = 5E5D23B824FEA95B00124551 /* QRiosity */;
		};
		9EBB9D802DFF27C00009530D /* PBXFileSystemSynchronizedBuildFileExceptionSet */ = {
			isa = PBXFileSystemSynchronizedBuildFileExceptionSet;
			membershipExceptions = (
				ContentView.swift,
			);
			target = 5E5D23B824FEA95B00124551 /* QRiosity */;
		};
		9EBB9D852DFF27C40009530D /* PBXFileSystemSynchronizedBuildFileExceptionSet */ = {
			isa = PBXFileSystemSynchronizedBuildFileExceptionSet;
			membershipExceptions = (
				QRiosityTests.swift,
			);
			target = 5E5D23CE24FEA95D00124551 /* QRiosityTests */;
		};
		9EBB9D8A2DFF27C60009530D /* PBXFileSystemSynchronizedBuildFileExceptionSet */ = {
			isa = PBXFileSystemSynchronizedBuildFileExceptionSet;
			membershipExceptions = (
				QRiosityUITests.swift,
			);
			target = 5E5D23D924FEA95D00124551 /* QRiosityUITests */;
		};
/* End PBXFileSystemSynchronizedBuildFileExceptionSet section */

/* Begin PBXFileSystemSynchronizedRootGroup section */
		9E4E153E2E98239B005C9B85 /* RecordWidget */ = {isa = PBXFileSystemSynchronizedRootGroup; exceptions = (9E4E154E2E98239C005C9B85 /* PBXFileSystemSynchronizedBuildFileExceptionSet */, ); explicitFileTypes = {}; explicitFolders = (); path = RecordWidget; sourceTree = "<group>"; };
		9EBB9D622DFF27B70009530D /* Shared */ = {isa = PBXFileSystemSynchronizedRootGroup; exceptions = (9E4E15732E98282D005C9B85 /* PBXFileSystemSynchronizedBuildFileExceptionSet */, ); explicitFileTypes = {}; explicitFolders = (); path = Shared; sourceTree = "<group>"; };
		9EBB9D7E2DFF27C00009530D /* QRiosity */ = {isa = PBXFileSystemSynchronizedRootGroup; exceptions = (9EBB9D802DFF27C00009530D /* PBXFileSystemSynchronizedBuildFileExceptionSet */, ); explicitFileTypes = {}; explicitFolders = (); path = QRiosity; sourceTree = "<group>"; };
		9EBB9D832DFF27C40009530D /* QRiosityTests */ = {isa = PBXFileSystemSynchronizedRootGroup; exceptions = (9EBB9D852DFF27C40009530D /* PBXFileSystemSynchronizedBuildFileExceptionSet */, ); explicitFileTypes = {}; explicitFolders = (); path = QRiosityTests; sourceTree = "<group>"; };
		9EBB9D882DFF27C60009530D /* QRiosityUITests */ = {isa = PBXFileSystemSynchronizedRootGroup; exceptions = (9EBB9D8A2DFF27C60009530D /* PBXFileSystemSynchronizedBuildFileExceptionSet */, ); explicitFileTypes = {}; explicitFolders = (); path = QRiosityUITests; sourceTree = "<group>"; };
		9EBB9D8C2DFF27CA0009530D /* Resources */ = {isa = PBXFileSystemSynchronizedRootGroup; exceptions = (9E5AA1462E7B12B700C93219 /* PBXFileSystemSynchronizedBuildFileExceptionSet */, ); explicitFileTypes = {}; explicitFolders = (); path = Resources; sourceTree = "<group>"; };
/* End PBXFileSystemSynchronizedRootGroup section */

/* Begin PBXFrameworksBuildPhase section */
		5E5D23B624FEA95B00124551 /* Frameworks */ = {
			isa = PBXFrameworksBuildPhase;
			buildActionMask = 2147483647;
			files = (
				9EEF95352E80483C0044089F /* Alamofire in Frameworks */,
				9EEF95322E8042760044089F /* SwiftUINavigation in Frameworks */,
				9EEF95302E8042760044089F /* SwiftNavigation in Frameworks */,
				5E47417B26E484DD00A964F8 /* AVScanner in Frameworks */,
				9EEF95382E8049810044089F /* Kanna in Frameworks */,
			);
			runOnlyForDeploymentPostprocessing = 0;
		};
		5E5D23CC24FEA95D00124551 /* Frameworks */ = {
			isa = PBXFrameworksBuildPhase;
			buildActionMask = 2147483647;
			files = (
			);
			runOnlyForDeploymentPostprocessing = 0;
		};
		5E5D23D724FEA95D00124551 /* Frameworks */ = {
			isa = PBXFrameworksBuildPhase;
			buildActionMask = 2147483647;
			files = (
			);
			runOnlyForDeploymentPostprocessing = 0;
		};
		9E4E15382E98239B005C9B85 /* Frameworks */ = {
			isa = PBXFrameworksBuildPhase;
			buildActionMask = 2147483647;
			files = (
				9E4E153D2E98239B005C9B85 /* SwiftUI.framework in Frameworks */,
				9E4E153C2E98239B005C9B85 /* WidgetKit.framework in Frameworks */,
			);
			runOnlyForDeploymentPostprocessing = 0;
		};
/* End PBXFrameworksBuildPhase section */

/* Begin PBXGroup section */
		5E5D23B024FEA95B00124551 = {
			isa = PBXGroup;
			children = (
				9E4E154F2E982482005C9B85 /* RecordWidgetExtension.entitlements */,
				9EBB9D622DFF27B70009530D /* Shared */,
				9EBB9D7E2DFF27C00009530D /* QRiosity */,
				9EBB9D832DFF27C40009530D /* QRiosityTests */,
				9EBB9D882DFF27C60009530D /* QRiosityUITests */,
				9EBB9D8C2DFF27CA0009530D /* Resources */,
				9E4E153E2E98239B005C9B85 /* RecordWidget */,
				9E7B82E32E5B64380026588F /* QRiosity.app */,
				9E7B82E42E5B64380026588F /* QRiosityTests.xctest */,
				9E7B82E52E5B64380026588F /* QRiosityUITests.xctest */,
				9E4E15042E981D5F005C9B85 /* Frameworks */,
				9E4E153B2E98239B005C9B85 /* RecordWidgetExtension.appex */,
			);
			sourceTree = "<group>";
		};
		9E4E15042E981D5F005C9B85 /* Frameworks */ = {
			isa = PBXGroup;
			children = (
				9E4E15052E981D5F005C9B85 /* WidgetKit.framework */,
				9E4E15072E981D5F005C9B85 /* SwiftUI.framework */,
			);
			name = Frameworks;
			sourceTree = "<group>";
		};
/* End PBXGroup section */

/* Begin PBXNativeTarget section */
		5E5D23B824FEA95B00124551 /* QRiosity */ = {
			isa = PBXNativeTarget;
			buildConfigurationList = 5E5D23E324FEA95D00124551 /* Build configuration list for PBXNativeTarget "QRiosity" */;
			buildPhases = (
				5E5D23B524FEA95B00124551 /* Sources */,
				5E5D23B624FEA95B00124551 /* Frameworks */,
				5E5D23B724FEA95B00124551 /* Resources */,
				9E4E151A2E981D60005C9B85 /* Embed Foundation Extensions */,
			);
			buildRules = (
			);
			dependencies = (
				9E4E15492E98239C005C9B85 /* PBXTargetDependency */,
			);
			fileSystemSynchronizedGroups = (
				9EBB9D622DFF27B70009530D /* Shared */,
			);
			name = QRiosity;
			packageProductDependencies = (
				5E47417A26E484DD00A964F8 /* AVScanner */,
				9EEF952F2E8042760044089F /* SwiftNavigation */,
				9EEF95312E8042760044089F /* SwiftUINavigation */,
				9EEF95342E80483C0044089F /* Alamofire */,
				9EEF95372E8049810044089F /* Kanna */,
			);
			productName = QRiosity;
			productReference = 9E7B82E32E5B64380026588F /* QRiosity.app */;
			productType = "com.apple.product-type.application";
		};
		5E5D23CE24FEA95D00124551 /* QRiosityTests */ = {
			isa = PBXNativeTarget;
			buildConfigurationList = 5E5D23E624FEA95D00124551 /* Build configuration list for PBXNativeTarget "QRiosityTests" */;
			buildPhases = (
				5E5D23CB24FEA95D00124551 /* Sources */,
				5E5D23CC24FEA95D00124551 /* Frameworks */,
				5E5D23CD24FEA95D00124551 /* Resources */,
			);
			buildRules = (
			);
			dependencies = (
				5E5D23D124FEA95D00124551 /* PBXTargetDependency */,
			);
			name = QRiosityTests;
			productName = QRiosityTests;
			productReference = 9E7B82E42E5B64380026588F /* QRiosityTests.xctest */;
			productType = "com.apple.product-type.bundle.unit-test";
		};
		5E5D23D924FEA95D00124551 /* QRiosityUITests */ = {
			isa = PBXNativeTarget;
			buildConfigurationList = 5E5D23E924FEA95D00124551 /* Build configuration list for PBXNativeTarget "QRiosityUITests" */;
			buildPhases = (
				5E5D23D624FEA95D00124551 /* Sources */,
				5E5D23D724FEA95D00124551 /* Frameworks */,
				5E5D23D824FEA95D00124551 /* Resources */,
			);
			buildRules = (
			);
			dependencies = (
				5E5D23DC24FEA95D00124551 /* PBXTargetDependency */,
			);
			name = QRiosityUITests;
			productName = QRiosityUITests;
			productReference = 9E7B82E52E5B64380026588F /* QRiosityUITests.xctest */;
			productType = "com.apple.product-type.bundle.ui-testing";
		};
		9E4E153A2E98239B005C9B85 /* RecordWidgetExtension */ = {
			isa = PBXNativeTarget;
			buildConfigurationList = 9E4E154B2E98239C005C9B85 /* Build configuration list for PBXNativeTarget "RecordWidgetExtension" */;
			buildPhases = (
				9E4E15372E98239B005C9B85 /* Sources */,
				9E4E15382E98239B005C9B85 /* Frameworks */,
				9E4E15392E98239B005C9B85 /* Resources */,
			);
			buildRules = (
			);
			dependencies = (
			);
			fileSystemSynchronizedGroups = (
				9E4E153E2E98239B005C9B85 /* RecordWidget */,
			);
			name = RecordWidgetExtension;
			packageProductDependencies = (
			);
			productName = RecordWidgetExtension;
			productReference = 9E4E153B2E98239B005C9B85 /* RecordWidgetExtension.appex */;
			productType = "com.apple.product-type.app-extension";
		};
/* End PBXNativeTarget section */

/* Begin PBXProject section */
		5E5D23B124FEA95B00124551 /* Project object */ = {
			isa = PBXProject;
			attributes = {
				BuildIndependentTargetsInParallel = YES;
				LastSwiftUpdateCheck = 2600;
				LastUpgradeCheck = 2610;
				ORGANIZATIONNAME = mrfour;
				TargetAttributes = {
					5E5D23B824FEA95B00124551 = {
						CreatedOnToolsVersion = 12.0;
					};
					5E5D23CE24FEA95D00124551 = {
						CreatedOnToolsVersion = 12.0;
						TestTargetID = 5E5D23B824FEA95B00124551;
					};
					5E5D23D924FEA95D00124551 = {
						CreatedOnToolsVersion = 12.0;
						TestTargetID = 5E5D23B824FEA95B00124551;
					};
					9E4E153A2E98239B005C9B85 = {
						CreatedOnToolsVersion = 26.0.1;
					};
				};
			};
			buildConfigurationList = 5E5D23B424FEA95B00124551 /* Build configuration list for PBXProject "QRiosity" */;
			compatibilityVersion = "Xcode 9.3";
			developmentRegion = en;
			hasScannedForEncodings = 0;
			knownRegions = (
				en,
				Base,
				"zh-Hant",
			);
			mainGroup = 5E5D23B024FEA95B00124551;
			packageReferences = (
				5E47417926E4836F00A964F8 /* XCRemoteSwiftPackageReference "AVScanner" */,
				9E3311312C0CBF9F00B7ABC3 /* XCRemoteSwiftPackageReference "Pow" */,
				9EEF952E2E8042760044089F /* XCRemoteSwiftPackageReference "swift-navigation" */,
				9EEF95332E80483C0044089F /* XCRemoteSwiftPackageReference "Alamofire" */,
				9EEF95362E8049810044089F /* XCRemoteSwiftPackageReference "Kanna" */,
			);
			productRefGroup = 5E5D23B024FEA95B00124551;
			projectDirPath = "";
			projectRoot = "";
			targets = (
				5E5D23B824FEA95B00124551 /* QRiosity */,
				5E5D23CE24FEA95D00124551 /* QRiosityTests */,
				5E5D23D924FEA95D00124551 /* QRiosityUITests */,
				9E4E153A2E98239B005C9B85 /* RecordWidgetExtension */,
			);
		};
/* End PBXProject section */

/* Begin PBXResourcesBuildPhase section */
		5E5D23B724FEA95B00124551 /* Resources */ = {
			isa = PBXResourcesBuildPhase;
			buildActionMask = 2147483647;
			files = (
			);
			runOnlyForDeploymentPostprocessing = 0;
		};
		5E5D23CD24FEA95D00124551 /* Resources */ = {
			isa = PBXResourcesBuildPhase;
			buildActionMask = 2147483647;
			files = (
			);
			runOnlyForDeploymentPostprocessing = 0;
		};
		5E5D23D824FEA95D00124551 /* Resources */ = {
			isa = PBXResourcesBuildPhase;
			buildActionMask = 2147483647;
			files = (
			);
			runOnlyForDeploymentPostprocessing = 0;
		};
		9E4E15392E98239B005C9B85 /* Resources */ = {
			isa = PBXResourcesBuildPhase;
			buildActionMask = 2147483647;
			files = (
			);
			runOnlyForDeploymentPostprocessing = 0;
		};
/* End PBXResourcesBuildPhase section */

/* Begin PBXSourcesBuildPhase section */
		5E5D23B524FEA95B00124551 /* Sources */ = {
			isa = PBXSourcesBuildPhase;
			buildActionMask = 2147483647;
			files = (
			);
			runOnlyForDeploymentPostprocessing = 0;
		};
		5E5D23CB24FEA95D00124551 /* Sources */ = {
			isa = PBXSourcesBuildPhase;
			buildActionMask = 2147483647;
			files = (
			);
			runOnlyForDeploymentPostprocessing = 0;
		};
		5E5D23D624FEA95D00124551 /* Sources */ = {
			isa = PBXSourcesBuildPhase;
			buildActionMask = 2147483647;
			files = (
			);
			runOnlyForDeploymentPostprocessing = 0;
		};
		9E4E15372E98239B005C9B85 /* Sources */ = {
			isa = PBXSourcesBuildPhase;
			buildActionMask = 2147483647;
			files = (
			);
			runOnlyForDeploymentPostprocessing = 0;
		};
/* End PBXSourcesBuildPhase section */

/* Begin PBXTargetDependency section */
		5E5D23D124FEA95D00124551 /* PBXTargetDependency */ = {
			isa = PBXTargetDependency;
			target = 5E5D23B824FEA95B00124551 /* QRiosity */;
			targetProxy = 5E5D23D024FEA95D00124551 /* PBXContainerItemProxy */;
		};
		5E5D23DC24FEA95D00124551 /* PBXTargetDependency */ = {
			isa = PBXTargetDependency;
			target = 5E5D23B824FEA95B00124551 /* QRiosity */;
			targetProxy = 5E5D23DB24FEA95D00124551 /* PBXContainerItemProxy */;
		};
		9E4E15492E98239C005C9B85 /* PBXTargetDependency */ = {
			isa = PBXTargetDependency;
			target = 9E4E153A2E98239B005C9B85 /* RecordWidgetExtension */;
			targetProxy = 9E4E15482E98239C005C9B85 /* PBXContainerItemProxy */;
		};
/* End PBXTargetDependency section */

/* Begin XCBuildConfiguration section */
		5E5D23E124FEA95D00124551 /* Debug */ = {
			isa = XCBuildConfiguration;
			buildSettings = {
				ALWAYS_SEARCH_USER_PATHS = NO;
				CLANG_ANALYZER_LOCALIZABILITY_NONLOCALIZED = YES;
				CLANG_ANALYZER_NONNULL = YES;
				CLANG_ANALYZER_NUMBER_OBJECT_CONVERSION = YES_AGGRESSIVE;
				CLANG_CXX_LANGUAGE_STANDARD = "gnu++14";
				CLANG_CXX_LIBRARY = "libc++";
				CLANG_ENABLE_MODULES = YES;
				CLANG_ENABLE_OBJC_ARC = YES;
				CLANG_ENABLE_OBJC_WEAK = YES;
				CLANG_WARN_BLOCK_CAPTURE_AUTORELEASING = YES;
				CLANG_WARN_BOOL_CONVERSION = YES;
				CLANG_WARN_COMMA = YES;
				CLANG_WARN_CONSTANT_CONVERSION = YES;
				CLANG_WARN_DEPRECATED_OBJC_IMPLEMENTATIONS = YES;
				CLANG_WARN_DIRECT_OBJC_ISA_USAGE = YES_ERROR;
				CLANG_WARN_DOCUMENTATION_COMMENTS = YES;
				CLANG_WARN_EMPTY_BODY = YES;
				CLANG_WARN_ENUM_CONVERSION = YES;
				CLANG_WARN_INFINITE_RECURSION = YES;
				CLANG_WARN_INT_CONVERSION = YES;
				CLANG_WARN_NON_LITERAL_NULL_CONVERSION = YES;
				CLANG_WARN_OBJC_IMPLICIT_RETAIN_SELF = YES;
				CLANG_WARN_OBJC_LITERAL_CONVERSION = YES;
				CLANG_WARN_OBJC_ROOT_CLASS = YES_ERROR;
				CLANG_WARN_QUOTED_INCLUDE_IN_FRAMEWORK_HEADER = YES;
				CLANG_WARN_RANGE_LOOP_ANALYSIS = YES;
				CLANG_WARN_STRICT_PROTOTYPES = YES;
				CLANG_WARN_SUSPICIOUS_MOVE = YES;
				CLANG_WARN_UNGUARDED_AVAILABILITY = YES_AGGRESSIVE;
				CLANG_WARN_UNREACHABLE_CODE = YES;
				CLANG_WARN__DUPLICATE_METHOD_MATCH = YES;
				COPY_PHASE_STRIP = NO;
				DEBUG_INFORMATION_FORMAT = dwarf;
				DEVELOPMENT_TEAM = 3XESJ7333X;
				ENABLE_STRICT_OBJC_MSGSEND = YES;
				ENABLE_TESTABILITY = YES;
				ENABLE_USER_SCRIPT_SANDBOXING = YES;
				GCC_C_LANGUAGE_STANDARD = gnu11;
				GCC_DYNAMIC_NO_PIC = NO;
				GCC_NO_COMMON_BLOCKS = YES;
				GCC_OPTIMIZATION_LEVEL = 0;
				GCC_PREPROCESSOR_DEFINITIONS = (
					"DEBUG=1",
					"$(inherited)",
				);
				GCC_WARN_64_TO_32_BIT_CONVERSION = YES;
				GCC_WARN_ABOUT_RETURN_TYPE = YES_ERROR;
				GCC_WARN_UNDECLARED_SELECTOR = YES;
				GCC_WARN_UNINITIALIZED_AUTOS = YES_AGGRESSIVE;
				GCC_WARN_UNUSED_FUNCTION = YES;
				GCC_WARN_UNUSED_VARIABLE = YES;
				MTL_ENABLE_DEBUG_INFO = INCLUDE_SOURCE;
				MTL_FAST_MATH = YES;
				ONLY_ACTIVE_ARCH = YES;
				SDKROOT = iphoneos;
				STRING_CATALOG_GENERATE_SYMBOLS = YES;
				SWIFT_ACTIVE_COMPILATION_CONDITIONS = DEBUG;
				SWIFT_EMIT_LOC_STRINGS = YES;
				SWIFT_OPTIMIZATION_LEVEL = "-Onone";
				SWIFT_VERSION = 6.0;
			};
			name = Debug;
		};
		5E5D23E224FEA95D00124551 /* Release */ = {
			isa = XCBuildConfiguration;
			buildSettings = {
				ALWAYS_SEARCH_USER_PATHS = NO;
				CLANG_ANALYZER_LOCALIZABILITY_NONLOCALIZED = YES;
				CLANG_ANALYZER_NONNULL = YES;
				CLANG_ANALYZER_NUMBER_OBJECT_CONVERSION = YES_AGGRESSIVE;
				CLANG_CXX_LANGUAGE_STANDARD = "gnu++14";
				CLANG_CXX_LIBRARY = "libc++";
				CLANG_ENABLE_MODULES = YES;
				CLANG_ENABLE_OBJC_ARC = YES;
				CLANG_ENABLE_OBJC_WEAK = YES;
				CLANG_WARN_BLOCK_CAPTURE_AUTORELEASING = YES;
				CLANG_WARN_BOOL_CONVERSION = YES;
				CLANG_WARN_COMMA = YES;
				CLANG_WARN_CONSTANT_CONVERSION = YES;
				CLANG_WARN_DEPRECATED_OBJC_IMPLEMENTATIONS = YES;
				CLANG_WARN_DIRECT_OBJC_ISA_USAGE = YES_ERROR;
				CLANG_WARN_DOCUMENTATION_COMMENTS = YES;
				CLANG_WARN_EMPTY_BODY = YES;
				CLANG_WARN_ENUM_CONVERSION = YES;
				CLANG_WARN_INFINITE_RECURSION = YES;
				CLANG_WARN_INT_CONVERSION = YES;
				CLANG_WARN_NON_LITERAL_NULL_CONVERSION = YES;
				CLANG_WARN_OBJC_IMPLICIT_RETAIN_SELF = YES;
				CLANG_WARN_OBJC_LITERAL_CONVERSION = YES;
				CLANG_WARN_OBJC_ROOT_CLASS = YES_ERROR;
				CLANG_WARN_QUOTED_INCLUDE_IN_FRAMEWORK_HEADER = YES;
				CLANG_WARN_RANGE_LOOP_ANALYSIS = YES;
				CLANG_WARN_STRICT_PROTOTYPES = YES;
				CLANG_WARN_SUSPICIOUS_MOVE = YES;
				CLANG_WARN_UNGUARDED_AVAILABILITY = YES_AGGRESSIVE;
				CLANG_WARN_UNREACHABLE_CODE = YES;
				CLANG_WARN__DUPLICATE_METHOD_MATCH = YES;
				COPY_PHASE_STRIP = NO;
				DEBUG_INFORMATION_FORMAT = "dwarf-with-dsym";
				DEVELOPMENT_TEAM = 3XESJ7333X;
				ENABLE_NS_ASSERTIONS = NO;
				ENABLE_STRICT_OBJC_MSGSEND = YES;
				ENABLE_USER_SCRIPT_SANDBOXING = YES;
				GCC_C_LANGUAGE_STANDARD = gnu11;
				GCC_NO_COMMON_BLOCKS = YES;
				GCC_WARN_64_TO_32_BIT_CONVERSION = YES;
				GCC_WARN_ABOUT_RETURN_TYPE = YES_ERROR;
				GCC_WARN_UNDECLARED_SELECTOR = YES;
				GCC_WARN_UNINITIALIZED_AUTOS = YES_AGGRESSIVE;
				GCC_WARN_UNUSED_FUNCTION = YES;
				GCC_WARN_UNUSED_VARIABLE = YES;
				MTL_ENABLE_DEBUG_INFO = NO;
				MTL_FAST_MATH = YES;
				SDKROOT = iphoneos;
				STRING_CATALOG_GENERATE_SYMBOLS = YES;
				SWIFT_COMPILATION_MODE = wholemodule;
				SWIFT_EMIT_LOC_STRINGS = YES;
				SWIFT_OPTIMIZATION_LEVEL = "-O";
				SWIFT_VERSION = 6.0;
				VALIDATE_PRODUCT = YES;
			};
			name = Release;
		};
		5E5D23E424FEA95D00124551 /* Debug */ = {
			isa = XCBuildConfiguration;
			buildSettings = {
				ASSETCATALOG_COMPILER_APPICON_NAME = AppIcon;
				ASSETCATALOG_COMPILER_GLOBAL_ACCENT_COLOR_NAME = AccentColor;
				CODE_SIGN_ENTITLEMENTS = QRiosity/QRiosity.entitlements;
				CODE_SIGN_IDENTITY = "Apple Development";
				CODE_SIGN_STYLE = Automatic;
				DEVELOPMENT_ASSET_PATHS = "\"Shared/Preview Content\"";
				ENABLE_PREVIEWS = YES;
				INFOPLIST_FILE = QRiosity/Info.plist;
				IPHONEOS_DEPLOYMENT_TARGET = 26.0;
				LD_RUNPATH_SEARCH_PATHS = (
					"$(inherited)",
					"@executable_path/Frameworks",
				);
				PRODUCT_BUNDLE_IDENTIFIER = com.mrfour.test;
				PRODUCT_NAME = "$(TARGET_NAME)";
				PROVISIONING_PROFILE_SPECIFIER = "";
				SWIFT_APPROACHABLE_CONCURRENCY = YES;
				SWIFT_DEFAULT_ACTOR_ISOLATION = MainActor;
				TARGETED_DEVICE_FAMILY = "1,2";
			};
			name = Debug;
		};
		5E5D23E524FEA95D00124551 /* Release */ = {
			isa = XCBuildConfiguration;
			buildSettings = {
				ASSETCATALOG_COMPILER_APPICON_NAME = AppIcon;
				ASSETCATALOG_COMPILER_GLOBAL_ACCENT_COLOR_NAME = AccentColor;
				CODE_SIGN_ENTITLEMENTS = QRiosity/QRiosity.entitlements;
				CODE_SIGN_IDENTITY = "Apple Development";
				CODE_SIGN_STYLE = Automatic;
				DEVELOPMENT_ASSET_PATHS = "\"Shared/Preview Content\"";
				ENABLE_PREVIEWS = YES;
				INFOPLIST_FILE = QRiosity/Info.plist;
				IPHONEOS_DEPLOYMENT_TARGET = 26.0;
				LD_RUNPATH_SEARCH_PATHS = (
					"$(inherited)",
					"@executable_path/Frameworks",
				);
				PRODUCT_BUNDLE_IDENTIFIER = com.mrfour.test;
				PRODUCT_NAME = "$(TARGET_NAME)";
				PROVISIONING_PROFILE_SPECIFIER = "";
				SWIFT_APPROACHABLE_CONCURRENCY = YES;
				SWIFT_DEFAULT_ACTOR_ISOLATION = MainActor;
				TARGETED_DEVICE_FAMILY = "1,2";
			};
			name = Release;
		};
		5E5D23E724FEA95D00124551 /* Debug */ = {
			isa = XCBuildConfiguration;
			buildSettings = {
				BUNDLE_LOADER = "$(TEST_HOST)";
				CODE_SIGN_STYLE = Automatic;
				INFOPLIST_FILE = QRiosityTests/Info.plist;
				LD_RUNPATH_SEARCH_PATHS = (
					"$(inherited)",
					"@executable_path/Frameworks",
					"@loader_path/Frameworks",
				);
				PRODUCT_BUNDLE_IDENTIFIER = com.mrfour.QRiosityTests;
				PRODUCT_NAME = "$(TARGET_NAME)";
				SWIFT_VERSION = 5.0;
				TARGETED_DEVICE_FAMILY = "1,2";
				TEST_HOST = "$(BUILT_PRODUCTS_DIR)/QRiosity.app/QRiosity";
			};
			name = Debug;
		};
		5E5D23E824FEA95D00124551 /* Release */ = {
			isa = XCBuildConfiguration;
			buildSettings = {
				BUNDLE_LOADER = "$(TEST_HOST)";
				CODE_SIGN_STYLE = Automatic;
				INFOPLIST_FILE = QRiosityTests/Info.plist;
				LD_RUNPATH_SEARCH_PATHS = (
					"$(inherited)",
					"@executable_path/Frameworks",
					"@loader_path/Frameworks",
				);
				PRODUCT_BUNDLE_IDENTIFIER = com.mrfour.QRiosityTests;
				PRODUCT_NAME = "$(TARGET_NAME)";
				SWIFT_VERSION = 5.0;
				TARGETED_DEVICE_FAMILY = "1,2";
				TEST_HOST = "$(BUILT_PRODUCTS_DIR)/QRiosity.app/QRiosity";
			};
			name = Release;
		};
		5E5D23EA24FEA95D00124551 /* Debug */ = {
			isa = XCBuildConfiguration;
			buildSettings = {
				CODE_SIGN_STYLE = Automatic;
				INFOPLIST_FILE = QRiosityUITests/Info.plist;
				LD_RUNPATH_SEARCH_PATHS = (
					"$(inherited)",
					"@executable_path/Frameworks",
					"@loader_path/Frameworks",
				);
				PRODUCT_BUNDLE_IDENTIFIER = com.mrfour.QRiosityUITests;
				PRODUCT_NAME = "$(TARGET_NAME)";
				SWIFT_VERSION = 5.0;
				TARGETED_DEVICE_FAMILY = "1,2";
				TEST_TARGET_NAME = QRiosity;
			};
			name = Debug;
		};
		5E5D23EB24FEA95D00124551 /* Release */ = {
			isa = XCBuildConfiguration;
			buildSettings = {
				CODE_SIGN_STYLE = Automatic;
				INFOPLIST_FILE = QRiosityUITests/Info.plist;
				LD_RUNPATH_SEARCH_PATHS = (
					"$(inherited)",
					"@executable_path/Frameworks",
					"@loader_path/Frameworks",
				);
				PRODUCT_BUNDLE_IDENTIFIER = com.mrfour.QRiosityUITests;
				PRODUCT_NAME = "$(TARGET_NAME)";
				SWIFT_VERSION = 5.0;
				TARGETED_DEVICE_FAMILY = "1,2";
				TEST_TARGET_NAME = QRiosity;
			};
			name = Release;
		};
		9E4E154C2E98239C005C9B85 /* Debug */ = {
			isa = XCBuildConfiguration;
			buildSettings = {
				ASSETCATALOG_COMPILER_GENERATE_SWIFT_ASSET_SYMBOL_EXTENSIONS = YES;
				ASSETCATALOG_COMPILER_GLOBAL_ACCENT_COLOR_NAME = AccentColor;
				ASSETCATALOG_COMPILER_WIDGET_BACKGROUND_COLOR_NAME = WidgetBackground;
				CLANG_CXX_LANGUAGE_STANDARD = "gnu++20";
				CODE_SIGN_ENTITLEMENTS = RecordWidgetExtension.entitlements;
				CODE_SIGN_IDENTITY = "Apple Development";
				CODE_SIGN_STYLE = Automatic;
				CURRENT_PROJECT_VERSION = 1;
				GCC_C_LANGUAGE_STANDARD = gnu17;
				GENERATE_INFOPLIST_FILE = YES;
				INFOPLIST_FILE = RecordWidget/Info.plist;
				INFOPLIST_KEY_CFBundleDisplayName = RecordWidget;
				INFOPLIST_KEY_NSHumanReadableCopyright = "Copyright © 2025 mrfour. All rights reserved.";
				IPHONEOS_DEPLOYMENT_TARGET = 26.0;
				LD_RUNPATH_SEARCH_PATHS = (
					"$(inherited)",
					"@executable_path/Frameworks",
					"@executable_path/../../Frameworks",
				);
				LOCALIZATION_PREFERS_STRING_CATALOGS = YES;
				MARKETING_VERSION = 1.0;
				PRODUCT_BUNDLE_IDENTIFIER = com.mrfour.test.RecordWidget;
				PRODUCT_NAME = "$(TARGET_NAME)";
				SKIP_INSTALL = YES;
				STRING_CATALOG_GENERATE_SYMBOLS = YES;
				SWIFT_ACTIVE_COMPILATION_CONDITIONS = "DEBUG $(inherited)";
				SWIFT_APPROACHABLE_CONCURRENCY = YES;
				SWIFT_DEFAULT_ACTOR_ISOLATION = MainActor;
				SWIFT_EMIT_LOC_STRINGS = YES;
				SWIFT_UPCOMING_FEATURE_MEMBER_IMPORT_VISIBILITY = YES;
				SWIFT_VERSION = 5.0;
				TARGETED_DEVICE_FAMILY = "1,2";
			};
			name = Debug;
		};
		9E4E154D2E98239C005C9B85 /* Release */ = {
			isa = XCBuildConfiguration;
			buildSettings = {
				ASSETCATALOG_COMPILER_GENERATE_SWIFT_ASSET_SYMBOL_EXTENSIONS = YES;
				ASSETCATALOG_COMPILER_GLOBAL_ACCENT_COLOR_NAME = AccentColor;
				ASSETCATALOG_COMPILER_WIDGET_BACKGROUND_COLOR_NAME = WidgetBackground;
				CLANG_CXX_LANGUAGE_STANDARD = "gnu++20";
				CODE_SIGN_ENTITLEMENTS = RecordWidgetExtension.entitlements;
				CODE_SIGN_IDENTITY = "Apple Development";
				CODE_SIGN_STYLE = Automatic;
				CURRENT_PROJECT_VERSION = 1;
				GCC_C_LANGUAGE_STANDARD = gnu17;
				GENERATE_INFOPLIST_FILE = YES;
				INFOPLIST_FILE = RecordWidget/Info.plist;
				INFOPLIST_KEY_CFBundleDisplayName = RecordWidget;
				INFOPLIST_KEY_NSHumanReadableCopyright = "Copyright © 2025 mrfour. All rights reserved.";
				IPHONEOS_DEPLOYMENT_TARGET = 26.0;
				LD_RUNPATH_SEARCH_PATHS = (
					"$(inherited)",
					"@executable_path/Frameworks",
					"@executable_path/../../Frameworks",
				);
				LOCALIZATION_PREFERS_STRING_CATALOGS = YES;
				MARKETING_VERSION = 1.0;
				PRODUCT_BUNDLE_IDENTIFIER = com.mrfour.test.RecordWidget;
				PRODUCT_NAME = "$(TARGET_NAME)";
				SKIP_INSTALL = YES;
				STRING_CATALOG_GENERATE_SYMBOLS = YES;
				SWIFT_APPROACHABLE_CONCURRENCY = YES;
				SWIFT_DEFAULT_ACTOR_ISOLATION = MainActor;
				SWIFT_EMIT_LOC_STRINGS = YES;
				SWIFT_UPCOMING_FEATURE_MEMBER_IMPORT_VISIBILITY = YES;
				SWIFT_VERSION = 5.0;
				TARGETED_DEVICE_FAMILY = "1,2";
			};
			name = Release;
		};
/* End XCBuildConfiguration section */

/* Begin XCConfigurationList section */
		5E5D23B424FEA95B00124551 /* Build configuration list for PBXProject "QRiosity" */ = {
			isa = XCConfigurationList;
			buildConfigurations = (
				5E5D23E124FEA95D00124551 /* Debug */,
				5E5D23E224FEA95D00124551 /* Release */,
			);
			defaultConfigurationIsVisible = 0;
			defaultConfigurationName = Release;
		};
		5E5D23E324FEA95D00124551 /* Build configuration list for PBXNativeTarget "QRiosity" */ = {
			isa = XCConfigurationList;
			buildConfigurations = (
				5E5D23E424FEA95D00124551 /* Debug */,
				5E5D23E524FEA95D00124551 /* Release */,
			);
			defaultConfigurationIsVisible = 0;
			defaultConfigurationName = Release;
		};
		5E5D23E624FEA95D00124551 /* Build configuration list for PBXNativeTarget "QRiosityTests" */ = {
			isa = XCConfigurationList;
			buildConfigurations = (
				5E5D23E724FEA95D00124551 /* Debug */,
				5E5D23E824FEA95D00124551 /* Release */,
			);
			defaultConfigurationIsVisible = 0;
			defaultConfigurationName = Release;
		};
		5E5D23E924FEA95D00124551 /* Build configuration list for PBXNativeTarget "QRiosityUITests" */ = {
			isa = XCConfigurationList;
			buildConfigurations = (
				5E5D23EA24FEA95D00124551 /* Debug */,
				5E5D23EB24FEA95D00124551 /* Release */,
			);
			defaultConfigurationIsVisible = 0;
			defaultConfigurationName = Release;
		};
		9E4E154B2E98239C005C9B85 /* Build configuration list for PBXNativeTarget "RecordWidgetExtension" */ = {
			isa = XCConfigurationList;
			buildConfigurations = (
				9E4E154C2E98239C005C9B85 /* Debug */,
				9E4E154D2E98239C005C9B85 /* Release */,
			);
			defaultConfigurationIsVisible = 0;
			defaultConfigurationName = Release;
		};
/* End XCConfigurationList section */

/* Begin XCRemoteSwiftPackageReference section */
		5E47417926E4836F00A964F8 /* XCRemoteSwiftPackageReference "AVScanner" */ = {
			isa = XCRemoteSwiftPackageReference;
			repositoryURL = "https://github.com/mrfour0004/AVScanner";
			requirement = {
				kind = upToNextMajorVersion;
				minimumVersion = 1.0.0;
			};
		};
		9E3311312C0CBF9F00B7ABC3 /* XCRemoteSwiftPackageReference "Pow" */ = {
			isa = XCRemoteSwiftPackageReference;
			repositoryURL = "git@github.com:EmergeTools/Pow.git";
			requirement = {
				kind = upToNextMajorVersion;
				minimumVersion = 1.0.4;
			};
		};
		9EEF952E2E8042760044089F /* XCRemoteSwiftPackageReference "swift-navigation" */ = {
			isa = XCRemoteSwiftPackageReference;
			repositoryURL = "https://github.com/pointfreeco/swift-navigation";
			requirement = {
				kind = upToNextMajorVersion;
				minimumVersion = 2.4.2;
			};
		};
		9EEF95332E80483C0044089F /* XCRemoteSwiftPackageReference "Alamofire" */ = {
			isa = XCRemoteSwiftPackageReference;
			repositoryURL = "https://github.com/Alamofire/Alamofire";
			requirement = {
				kind = upToNextMajorVersion;
				minimumVersion = 5.10.2;
			};
		};
		9EEF95362E8049810044089F /* XCRemoteSwiftPackageReference "Kanna" */ = {
			isa = XCRemoteSwiftPackageReference;
			repositoryURL = "https://github.com/tid-kijyun/Kanna";
			requirement = {
				kind = upToNextMajorVersion;
				minimumVersion = 6.0.1;
			};
		};
/* End XCRemoteSwiftPackageReference section */

/* Begin XCSwiftPackageProductDependency section */
		5E47417A26E484DD00A964F8 /* AVScanner */ = {
			isa = XCSwiftPackageProductDependency;
			package = 5E47417926E4836F00A964F8 /* XCRemoteSwiftPackageReference "AVScanner" */;
			productName = AVScanner;
		};
		9EEF952F2E8042760044089F /* SwiftNavigation */ = {
			isa = XCSwiftPackageProductDependency;
			package = 9EEF952E2E8042760044089F /* XCRemoteSwiftPackageReference "swift-navigation" */;
			productName = SwiftNavigation;
		};
		9EEF95312E8042760044089F /* SwiftUINavigation */ = {
			isa = XCSwiftPackageProductDependency;
			package = 9EEF952E2E8042760044089F /* XCRemoteSwiftPackageReference "swift-navigation" */;
			productName = SwiftUINavigation;
		};
		9EEF95342E80483C0044089F /* Alamofire */ = {
			isa = XCSwiftPackageProductDependency;
			package = 9EEF95332E80483C0044089F /* XCRemoteSwiftPackageReference "Alamofire" */;
			productName = Alamofire;
		};
		9EEF95372E8049810044089F /* Kanna */ = {
			isa = XCSwiftPackageProductDependency;
			package = 9EEF95362E8049810044089F /* XCRemoteSwiftPackageReference "Kanna" */;
			productName = Kanna;
		};
/* End XCSwiftPackageProductDependency section */
	};
	rootObject = 5E5D23B124FEA95B00124551 /* Project object */;
}
