{
  "object": {
    "pins": [
      {
        "package": "AVScanner",
        "repositoryURL": "git@github.com:mrfour0004/AVScanner.git",
        "state": {
          "branch": null,
          "revision": "b29532fd7e1eeaeccd29cfc86c4207963ca79475",
          "version": "1.0.0"
        }
      }
    ]
  },
  "version": 1
}
