{
  "object": {
    "pins": [
      {
        "package": "AVScanner",
        "repositoryURL": "https://github.com/mrfour0004/AVScanner",
        "state": {
          "branch": null,
          "revision": "36d0d9da79528e77731680ecb043181310c69fd4",
          "version": "1.0.1"
        }
      }
    ]
  },
  "version": 1
}
