{
  "originHash" : "810115697b22bc9e802ac4fbc5bf920b4ec38c6cb8bc9d842c556c72b7e80934",
  "pins" : [
    {
      "identity" : "avscanner",
      "kind" : "remoteSourceControl",
      "location" : "https://github.com/mrfour0004/AVScanner",
      "state" : {
        "revision" : "36d0d9da79528e77731680ecb043181310c69fd4",
        "version" : "1.0.1"
      }
    },
    {
      "identity" : "opengraph",
      "kind" : "remoteSourceControl",
      "location" : "https://github.com/satoshi-takano/OpenGraph",
      "state" : {
        "revision" : "15fa71b31cf85695cf7035a077aaa624f679f53a",
        "version" : "1.6.0"
      }
    },
    {
      "identity" : "pow",
      "kind" : "remoteSourceControl",
      "location" : "git@github.com:EmergeTools/Pow.git",
      "state" : {
        "revision" : "f0d0f3e72d42beaf2b01f1cb798e1b55902814eb",
        "version" : "1.0.4"
      }
    }
  ],
  "version" : 3
}
